
Microsoft Visual Studio Solution File, Format Version 12.00
Project("{FAE04EC0-301F-11D3-BF4B-00C04F79EFBC}") = "CleaningBot", "CleaningBot\CleaningBot.csproj", "{D2235C8F-E11D-4495-8EE1-648CB16C0ABF}"
EndProject
Global
	GlobalSection(SolutionConfigurationPlatforms) = preSolution
		Debug|Any CPU = Debug|Any CPU
		Release|Any CPU = Release|Any CPU
	EndGlobalSection
	GlobalSection(ProjectConfigurationPlatforms) = postSolution
		{D2235C8F-E11D-4495-8EE1-648CB16C0ABF}.Debug|Any CPU.ActiveCfg = Debug|Any CPU
		{D2235C8F-E11D-4495-8EE1-648CB16C0ABF}.Debug|Any CPU.Build.0 = Debug|Any CPU
		{D2235C8F-E11D-4495-8EE1-648CB16C0ABF}.Release|Any CPU.ActiveCfg = Release|Any CPU
		{D2235C8F-E11D-4495-8EE1-648CB16C0ABF}.Release|Any CPU.Build.0 = Release|Any CPU
	EndGlobalSection
EndGlobal
